
Microsoft Visual Studio Solution File, Format Version 12.00
# Visual Studio Version 17
VisualStudioVersion = 17.1.32228.430
MinimumVisualStudioVersion = 10.0.40219.1
Project("{8BC9CEB8-8B4A-11D0-8D11-00A0C91BC942}") = "Chapter08_01", "Chapter08_01\Chapter08_01.vcxproj", "{B59A54BA-5DBC-4CE8-971A-A8356BB844AA}"
EndProject
Project("{8BC9CEB8-8B4A-11D0-8D11-00A0C91BC942}") = "Chapter08_02", "Chapter08_02\Chapter08_02.vcxproj", "{208F5C5B-3960-4EF0-9BBB-1BFCF16CC255}"
EndProject
Project("{8BC9CEB8-8B4A-11D0-8D11-00A0C91BC942}") = "Chapter08_03", "Chapter08_03\Chapter08_03.vcxproj", "{832C38A0-025E-4EB4-9C9F-7CDFEE06435B}"
EndProject
Project("{8BC9CEB8-8B4A-11D0-8D11-00A0C91BC942}") = "Chapter08_04", "Chapter08_04\Chapter08_04.vcxproj", "{8A0F4DDB-5443-42EA-B597-4840E460B733}"
EndProject
Project("{8BC9CEB8-8B4A-11D0-8D11-00A0C91BC942}") = "Chapter08_05", "Chapter08_05\Chapter08_05.vcxproj", "{BC7634D3-F22D-44AC-9C7A-47FFC5D76750}"
EndProject
Project("{8BC9CEB8-8B4A-11D0-8D11-00A0C91BC942}") = "Chapter08_06", "Chapter08_06\Chapter08_06.vcxproj", "{EFCE0ED6-C0E6-4F93-9948-5F2156A9CE08}"
EndProject
Project("{8BC9CEB8-8B4A-11D0-8D11-00A0C91BC942}") = "Chapter08_07", "Chapter08_07\Chapter08_07.vcxproj", "{D40ECD80-26C3-491B-AB0C-2CB244732ED9}"
EndProject
Project("{8BC9CEB8-8B4A-11D0-8D11-00A0C91BC942}") = "Chapter08_08", "Chapter08_08\Chapter08_08.vcxproj", "{F50E494F-2E7D-419B-95DB-A9C45C19B00F}"
EndProject
Project("{8BC9CEB8-8B4A-11D0-8D11-00A0C91BC942}") = "Chapter08_09", "Chapter08_09\Chapter08_09.vcxproj", "{800A6320-54AE-437A-A84D-81AFB81AF9EB}"
EndProject
Project("{8BC9CEB8-8B4A-11D0-8D11-00A0C91BC942}") = "Chapter08_10", "Chapter08_10c\Chapter08_10c.vcxproj", "{EB995862-AAD3-46C5-857D-94F0920E7AC7}"
EndProject
Project("{8BC9CEB8-8B4A-11D0-8D11-00A0C91BC942}") = "Chapter08_11", "Chapter08_11\Chapter08_11.vcxproj", "{FD956ABC-9305-46DD-8ACA-CE263559D8D3}"
EndProject
Project("{8BC9CEB8-8B4A-11D0-8D11-00A0C91BC942}") = "Chapter08_12", "Chapter08_12\Chapter08_12.vcxproj", "{D097A4C7-CBF5-48C1-B5F3-AFFA621C1AB2}"
EndProject
Project("{8BC9CEB8-8B4A-11D0-8D11-00A0C91BC942}") = "Chapter08_13", "Chapter08_13\Chapter08_13.vcxproj", "{EF68E034-67D1-487B-B56B-FD79CDF938E5}"
EndProject
Project("{8BC9CEB8-8B4A-11D0-8D11-00A0C91BC942}") = "Chapter08_14", "Chapter08_14\Chapter08_14.vcxproj", "{CC23250E-16CF-4A94-B2E2-2082D304DB3F}"
EndProject
Project("{8BC9CEB8-8B4A-11D0-8D11-00A0C91BC942}") = "Chapter08_15", "Chapter08_15\Chapter08_15.vcxproj", "{B4BB92D0-04EC-4EE7-A3C7-95935CFAE212}"
EndProject
Global
	GlobalSection(SolutionConfigurationPlatforms) = preSolution
		Debug|x64 = Debug|x64
		Debug|x86 = Debug|x86
		Release|x64 = Release|x64
		Release|x86 = Release|x86
	EndGlobalSection
	GlobalSection(ProjectConfigurationPlatforms) = postSolution
		{B59A54BA-5DBC-4CE8-971A-A8356BB844AA}.Debug|x64.ActiveCfg = Debug|x64
		{B59A54BA-5DBC-4CE8-971A-A8356BB844AA}.Debug|x64.Build.0 = Debug|x64
		{B59A54BA-5DBC-4CE8-971A-A8356BB844AA}.Debug|x86.ActiveCfg = Debug|Win32
		{B59A54BA-5DBC-4CE8-971A-A8356BB844AA}.Debug|x86.Build.0 = Debug|Win32
		{B59A54BA-5DBC-4CE8-971A-A8356BB844AA}.Release|x64.ActiveCfg = Release|x64
		{B59A54BA-5DBC-4CE8-971A-A8356BB844AA}.Release|x64.Build.0 = Release|x64
		{B59A54BA-5DBC-4CE8-971A-A8356BB844AA}.Release|x86.ActiveCfg = Release|Win32
		{B59A54BA-5DBC-4CE8-971A-A8356BB844AA}.Release|x86.Build.0 = Release|Win32
		{208F5C5B-3960-4EF0-9BBB-1BFCF16CC255}.Debug|x64.ActiveCfg = Debug|x64
		{208F5C5B-3960-4EF0-9BBB-1BFCF16CC255}.Debug|x64.Build.0 = Debug|x64
		{208F5C5B-3960-4EF0-9BBB-1BFCF16CC255}.Debug|x86.ActiveCfg = Debug|Win32
		{208F5C5B-3960-4EF0-9BBB-1BFCF16CC255}.Debug|x86.Build.0 = Debug|Win32
		{208F5C5B-3960-4EF0-9BBB-1BFCF16CC255}.Release|x64.ActiveCfg = Release|x64
		{208F5C5B-3960-4EF0-9BBB-1BFCF16CC255}.Release|x64.Build.0 = Release|x64
		{208F5C5B-3960-4EF0-9BBB-1BFCF16CC255}.Release|x86.ActiveCfg = Release|Win32
		{208F5C5B-3960-4EF0-9BBB-1BFCF16CC255}.Release|x86.Build.0 = Release|Win32
		{832C38A0-025E-4EB4-9C9F-7CDFEE06435B}.Debug|x64.ActiveCfg = Debug|x64
		{832C38A0-025E-4EB4-9C9F-7CDFEE06435B}.Debug|x64.Build.0 = Debug|x64
		{832C38A0-025E-4EB4-9C9F-7CDFEE06435B}.Debug|x86.ActiveCfg = Debug|Win32
		{832C38A0-025E-4EB4-9C9F-7CDFEE06435B}.Debug|x86.Build.0 = Debug|Win32
		{832C38A0-025E-4EB4-9C9F-7CDFEE06435B}.Release|x64.ActiveCfg = Release|x64
		{832C38A0-025E-4EB4-9C9F-7CDFEE06435B}.Release|x64.Build.0 = Release|x64
		{832C38A0-025E-4EB4-9C9F-7CDFEE06435B}.Release|x86.ActiveCfg = Release|Win32
		{832C38A0-025E-4EB4-9C9F-7CDFEE06435B}.Release|x86.Build.0 = Release|Win32
		{8A0F4DDB-5443-42EA-B597-4840E460B733}.Debug|x64.ActiveCfg = Debug|x64
		{8A0F4DDB-5443-42EA-B597-4840E460B733}.Debug|x64.Build.0 = Debug|x64
		{8A0F4DDB-5443-42EA-B597-4840E460B733}.Debug|x86.ActiveCfg = Debug|Win32
		{8A0F4DDB-5443-42EA-B597-4840E460B733}.Debug|x86.Build.0 = Debug|Win32
		{8A0F4DDB-5443-42EA-B597-4840E460B733}.Release|x64.ActiveCfg = Release|x64
		{8A0F4DDB-5443-42EA-B597-4840E460B733}.Release|x64.Build.0 = Release|x64
		{8A0F4DDB-5443-42EA-B597-4840E460B733}.Release|x86.ActiveCfg = Release|Win32
		{8A0F4DDB-5443-42EA-B597-4840E460B733}.Release|x86.Build.0 = Release|Win32
		{BC7634D3-F22D-44AC-9C7A-47FFC5D76750}.Debug|x64.ActiveCfg = Debug|x64
		{BC7634D3-F22D-44AC-9C7A-47FFC5D76750}.Debug|x64.Build.0 = Debug|x64
		{BC7634D3-F22D-44AC-9C7A-47FFC5D76750}.Debug|x86.ActiveCfg = Debug|Win32
		{BC7634D3-F22D-44AC-9C7A-47FFC5D76750}.Debug|x86.Build.0 = Debug|Win32
		{BC7634D3-F22D-44AC-9C7A-47FFC5D76750}.Release|x64.ActiveCfg = Release|x64
		{BC7634D3-F22D-44AC-9C7A-47FFC5D76750}.Release|x64.Build.0 = Release|x64
		{BC7634D3-F22D-44AC-9C7A-47FFC5D76750}.Release|x86.ActiveCfg = Release|Win32
		{BC7634D3-F22D-44AC-9C7A-47FFC5D76750}.Release|x86.Build.0 = Release|Win32
		{EFCE0ED6-C0E6-4F93-9948-5F2156A9CE08}.Debug|x64.ActiveCfg = Debug|x64
		{EFCE0ED6-C0E6-4F93-9948-5F2156A9CE08}.Debug|x64.Build.0 = Debug|x64
		{EFCE0ED6-C0E6-4F93-9948-5F2156A9CE08}.Debug|x86.ActiveCfg = Debug|Win32
		{EFCE0ED6-C0E6-4F93-9948-5F2156A9CE08}.Debug|x86.Build.0 = Debug|Win32
		{EFCE0ED6-C0E6-4F93-9948-5F2156A9CE08}.Release|x64.ActiveCfg = Release|x64
		{EFCE0ED6-C0E6-4F93-9948-5F2156A9CE08}.Release|x64.Build.0 = Release|x64
		{EFCE0ED6-C0E6-4F93-9948-5F2156A9CE08}.Release|x86.ActiveCfg = Release|Win32
		{EFCE0ED6-C0E6-4F93-9948-5F2156A9CE08}.Release|x86.Build.0 = Release|Win32
		{D40ECD80-26C3-491B-AB0C-2CB244732ED9}.Debug|x64.ActiveCfg = Debug|x64
		{D40ECD80-26C3-491B-AB0C-2CB244732ED9}.Debug|x64.Build.0 = Debug|x64
		{D40ECD80-26C3-491B-AB0C-2CB244732ED9}.Debug|x86.ActiveCfg = Debug|Win32
		{D40ECD80-26C3-491B-AB0C-2CB244732ED9}.Debug|x86.Build.0 = Debug|Win32
		{D40ECD80-26C3-491B-AB0C-2CB244732ED9}.Release|x64.ActiveCfg = Release|x64
		{D40ECD80-26C3-491B-AB0C-2CB244732ED9}.Release|x64.Build.0 = Release|x64
		{D40ECD80-26C3-491B-AB0C-2CB244732ED9}.Release|x86.ActiveCfg = Release|Win32
		{D40ECD80-26C3-491B-AB0C-2CB244732ED9}.Release|x86.Build.0 = Release|Win32
		{F50E494F-2E7D-419B-95DB-A9C45C19B00F}.Debug|x64.ActiveCfg = Debug|x64
		{F50E494F-2E7D-419B-95DB-A9C45C19B00F}.Debug|x64.Build.0 = Debug|x64
		{F50E494F-2E7D-419B-95DB-A9C45C19B00F}.Debug|x86.ActiveCfg = Debug|Win32
		{F50E494F-2E7D-419B-95DB-A9C45C19B00F}.Debug|x86.Build.0 = Debug|Win32
		{F50E494F-2E7D-419B-95DB-A9C45C19B00F}.Release|x64.ActiveCfg = Release|x64
		{F50E494F-2E7D-419B-95DB-A9C45C19B00F}.Release|x64.Build.0 = Release|x64
		{F50E494F-2E7D-419B-95DB-A9C45C19B00F}.Release|x86.ActiveCfg = Release|Win32
		{F50E494F-2E7D-419B-95DB-A9C45C19B00F}.Release|x86.Build.0 = Release|Win32
		{800A6320-54AE-437A-A84D-81AFB81AF9EB}.Debug|x64.ActiveCfg = Debug|x64
		{800A6320-54AE-437A-A84D-81AFB81AF9EB}.Debug|x64.Build.0 = Debug|x64
		{800A6320-54AE-437A-A84D-81AFB81AF9EB}.Debug|x86.ActiveCfg = Debug|Win32
		{800A6320-54AE-437A-A84D-81AFB81AF9EB}.Debug|x86.Build.0 = Debug|Win32
		{800A6320-54AE-437A-A84D-81AFB81AF9EB}.Release|x64.ActiveCfg = Release|x64
		{800A6320-54AE-437A-A84D-81AFB81AF9EB}.Release|x64.Build.0 = Release|x64
		{800A6320-54AE-437A-A84D-81AFB81AF9EB}.Release|x86.ActiveCfg = Release|Win32
		{800A6320-54AE-437A-A84D-81AFB81AF9EB}.Release|x86.Build.0 = Release|Win32
		{EB995862-AAD3-46C5-857D-94F0920E7AC7}.Debug|x64.ActiveCfg = Debug|x64
		{EB995862-AAD3-46C5-857D-94F0920E7AC7}.Debug|x64.Build.0 = Debug|x64
		{EB995862-AAD3-46C5-857D-94F0920E7AC7}.Debug|x86.ActiveCfg = Debug|Win32
		{EB995862-AAD3-46C5-857D-94F0920E7AC7}.Debug|x86.Build.0 = Debug|Win32
		{EB995862-AAD3-46C5-857D-94F0920E7AC7}.Release|x64.ActiveCfg = Release|x64
		{EB995862-AAD3-46C5-857D-94F0920E7AC7}.Release|x64.Build.0 = Release|x64
		{EB995862-AAD3-46C5-857D-94F0920E7AC7}.Release|x86.ActiveCfg = Release|Win32
		{EB995862-AAD3-46C5-857D-94F0920E7AC7}.Release|x86.Build.0 = Release|Win32
		{FD956ABC-9305-46DD-8ACA-CE263559D8D3}.Debug|x64.ActiveCfg = Debug|x64
		{FD956ABC-9305-46DD-8ACA-CE263559D8D3}.Debug|x64.Build.0 = Debug|x64
		{FD956ABC-9305-46DD-8ACA-CE263559D8D3}.Debug|x86.ActiveCfg = Debug|Win32
		{FD956ABC-9305-46DD-8ACA-CE263559D8D3}.Debug|x86.Build.0 = Debug|Win32
		{FD956ABC-9305-46DD-8ACA-CE263559D8D3}.Release|x64.ActiveCfg = Release|x64
		{FD956ABC-9305-46DD-8ACA-CE263559D8D3}.Release|x64.Build.0 = Release|x64
		{FD956ABC-9305-46DD-8ACA-CE263559D8D3}.Release|x86.ActiveCfg = Release|Win32
		{FD956ABC-9305-46DD-8ACA-CE263559D8D3}.Release|x86.Build.0 = Release|Win32
		{D097A4C7-CBF5-48C1-B5F3-AFFA621C1AB2}.Debug|x64.ActiveCfg = Debug|x64
		{D097A4C7-CBF5-48C1-B5F3-AFFA621C1AB2}.Debug|x64.Build.0 = Debug|x64
		{D097A4C7-CBF5-48C1-B5F3-AFFA621C1AB2}.Debug|x86.ActiveCfg = Debug|Win32
		{D097A4C7-CBF5-48C1-B5F3-AFFA621C1AB2}.Debug|x86.Build.0 = Debug|Win32
		{D097A4C7-CBF5-48C1-B5F3-AFFA621C1AB2}.Release|x64.ActiveCfg = Release|x64
		{D097A4C7-CBF5-48C1-B5F3-AFFA621C1AB2}.Release|x64.Build.0 = Release|x64
		{D097A4C7-CBF5-48C1-B5F3-AFFA621C1AB2}.Release|x86.ActiveCfg = Release|Win32
		{D097A4C7-CBF5-48C1-B5F3-AFFA621C1AB2}.Release|x86.Build.0 = Release|Win32
		{EF68E034-67D1-487B-B56B-FD79CDF938E5}.Debug|x64.ActiveCfg = Debug|x64
		{EF68E034-67D1-487B-B56B-FD79CDF938E5}.Debug|x64.Build.0 = Debug|x64
		{EF68E034-67D1-487B-B56B-FD79CDF938E5}.Debug|x86.ActiveCfg = Debug|Win32
		{EF68E034-67D1-487B-B56B-FD79CDF938E5}.Debug|x86.Build.0 = Debug|Win32
		{EF68E034-67D1-487B-B56B-FD79CDF938E5}.Release|x64.ActiveCfg = Release|x64
		{EF68E034-67D1-487B-B56B-FD79CDF938E5}.Release|x64.Build.0 = Release|x64
		{EF68E034-67D1-487B-B56B-FD79CDF938E5}.Release|x86.ActiveCfg = Release|Win32
		{EF68E034-67D1-487B-B56B-FD79CDF938E5}.Release|x86.Build.0 = Release|Win32
		{CC23250E-16CF-4A94-B2E2-2082D304DB3F}.Debug|x64.ActiveCfg = Debug|x64
		{CC23250E-16CF-4A94-B2E2-2082D304DB3F}.Debug|x64.Build.0 = Debug|x64
		{CC23250E-16CF-4A94-B2E2-2082D304DB3F}.Debug|x86.ActiveCfg = Debug|Win32
		{CC23250E-16CF-4A94-B2E2-2082D304DB3F}.Debug|x86.Build.0 = Debug|Win32
		{CC23250E-16CF-4A94-B2E2-2082D304DB3F}.Release|x64.ActiveCfg = Release|x64
		{CC23250E-16CF-4A94-B2E2-2082D304DB3F}.Release|x64.Build.0 = Release|x64
		{CC23250E-16CF-4A94-B2E2-2082D304DB3F}.Release|x86.ActiveCfg = Release|Win32
		{CC23250E-16CF-4A94-B2E2-2082D304DB3F}.Release|x86.Build.0 = Release|Win32
		{B4BB92D0-04EC-4EE7-A3C7-95935CFAE212}.Debug|x64.ActiveCfg = Debug|x64
		{B4BB92D0-04EC-4EE7-A3C7-95935CFAE212}.Debug|x64.Build.0 = Debug|x64
		{B4BB92D0-04EC-4EE7-A3C7-95935CFAE212}.Debug|x86.ActiveCfg = Debug|Win32
		{B4BB92D0-04EC-4EE7-A3C7-95935CFAE212}.Debug|x86.Build.0 = Debug|Win32
		{B4BB92D0-04EC-4EE7-A3C7-95935CFAE212}.Release|x64.ActiveCfg = Release|x64
		{B4BB92D0-04EC-4EE7-A3C7-95935CFAE212}.Release|x64.Build.0 = Release|x64
		{B4BB92D0-04EC-4EE7-A3C7-95935CFAE212}.Release|x86.ActiveCfg = Release|Win32
		{B4BB92D0-04EC-4EE7-A3C7-95935CFAE212}.Release|x86.Build.0 = Release|Win32
	EndGlobalSection
	GlobalSection(SolutionProperties) = preSolution
		HideSolutionNode = FALSE
	EndGlobalSection
	GlobalSection(ExtensibilityGlobals) = postSolution
		SolutionGuid = {2D0E68AA-AE5F-4E5D-8D0D-37C6949E47C8}
	EndGlobalSection
EndGlobal
