
Microsoft Visual Studio Solution File, Format Version 12.00
# Visual Studio Version 17
VisualStudioVersion = 17.1.32319.34
MinimumVisualStudioVersion = 10.0.40219.1
Project("{8BC9CEB8-8B4A-11D0-8D11-00A0C91BC942}") = "Ch12_01", "Ch12_01\Ch12_01.vcxproj", "{49941E20-7EB9-4935-BDA6-4582D78E42A5}"
EndProject
Project("{2150E333-8FDC-42A3-9474-1A3956D46DE8}") = "Ch12", "Ch12", "{588AB050-60FA-4E60-AEF9-8950D4B9F4D6}"
EndProject
Project("{8BC9CEB8-8B4A-11D0-8D11-00A0C91BC942}") = "Ch12_02", "Ch12_02\Ch12_02.vcxproj", "{86016D75-A4EC-4AB9-ACA2-7B64DEC6086F}"
EndProject
Project("{8BC9CEB8-8B4A-11D0-8D11-00A0C91BC942}") = "Ch12_03", "Ch12_03\Ch12_03.vcxproj", "{482A12BA-FC1C-4F1A-97ED-641121D7DF2E}"
EndProject
Project("{8BC9CEB8-8B4A-11D0-8D11-00A0C91BC942}") = "Ch12_04", "Ch12_04\Ch12_04.vcxproj", "{B2B1381C-E75C-4370-B8C4-E11F2BD7FD27}"
EndProject
Project("{8BC9CEB8-8B4A-11D0-8D11-00A0C91BC942}") = "Ch12_05", "Ch12_05\Ch12_05.vcxproj", "{28C42B7B-564B-4F4C-97CA-888B0AE43D78}"
EndProject
Project("{8BC9CEB8-8B4A-11D0-8D11-00A0C91BC942}") = "Ch12_06", "Ch12_06\Ch12_06.vcxproj", "{96DA1BBC-73AE-4751-AA2C-DC38A8E11589}"
EndProject
Project("{8BC9CEB8-8B4A-11D0-8D11-00A0C91BC942}") = "Ch12_07", "Ch12_07\Ch12_07.vcxproj", "{9FE3A831-0AA2-418F-9058-2215CAEA1ED7}"
EndProject
Project("{2150E333-8FDC-42A3-9474-1A3956D46DE8}") = "Ch13", "Ch13", "{F4BCA03F-7FD6-4BFD-BE52-1E00C2F33771}"
EndProject
Project("{8BC9CEB8-8B4A-11D0-8D11-00A0C91BC942}") = "Ch12_08", "Ch12_08\Ch12_08.vcxproj", "{90003B31-4FE7-4A0F-A627-F488A36F4726}"
EndProject
Project("{8BC9CEB8-8B4A-11D0-8D11-00A0C91BC942}") = "Ch12_09", "Ch12_09\Ch12_09.vcxproj", "{06D45405-BC00-48F0-9C78-875619886D8E}"
EndProject
Global
	GlobalSection(SolutionConfigurationPlatforms) = preSolution
		Debug|x64 = Debug|x64
		Debug|x86 = Debug|x86
		Release|x64 = Release|x64
		Release|x86 = Release|x86
	EndGlobalSection
	GlobalSection(ProjectConfigurationPlatforms) = postSolution
		{49941E20-7EB9-4935-BDA6-4582D78E42A5}.Debug|x64.ActiveCfg = Debug|x64
		{49941E20-7EB9-4935-BDA6-4582D78E42A5}.Debug|x64.Build.0 = Debug|x64
		{49941E20-7EB9-4935-BDA6-4582D78E42A5}.Debug|x86.ActiveCfg = Debug|Win32
		{49941E20-7EB9-4935-BDA6-4582D78E42A5}.Debug|x86.Build.0 = Debug|Win32
		{49941E20-7EB9-4935-BDA6-4582D78E42A5}.Release|x64.ActiveCfg = Release|x64
		{49941E20-7EB9-4935-BDA6-4582D78E42A5}.Release|x64.Build.0 = Release|x64
		{49941E20-7EB9-4935-BDA6-4582D78E42A5}.Release|x86.ActiveCfg = Release|Win32
		{49941E20-7EB9-4935-BDA6-4582D78E42A5}.Release|x86.Build.0 = Release|Win32
		{86016D75-A4EC-4AB9-ACA2-7B64DEC6086F}.Debug|x64.ActiveCfg = Debug|x64
		{86016D75-A4EC-4AB9-ACA2-7B64DEC6086F}.Debug|x64.Build.0 = Debug|x64
		{86016D75-A4EC-4AB9-ACA2-7B64DEC6086F}.Debug|x86.ActiveCfg = Debug|Win32
		{86016D75-A4EC-4AB9-ACA2-7B64DEC6086F}.Debug|x86.Build.0 = Debug|Win32
		{86016D75-A4EC-4AB9-ACA2-7B64DEC6086F}.Release|x64.ActiveCfg = Release|x64
		{86016D75-A4EC-4AB9-ACA2-7B64DEC6086F}.Release|x64.Build.0 = Release|x64
		{86016D75-A4EC-4AB9-ACA2-7B64DEC6086F}.Release|x86.ActiveCfg = Release|Win32
		{86016D75-A4EC-4AB9-ACA2-7B64DEC6086F}.Release|x86.Build.0 = Release|Win32
		{482A12BA-FC1C-4F1A-97ED-641121D7DF2E}.Debug|x64.ActiveCfg = Debug|x64
		{482A12BA-FC1C-4F1A-97ED-641121D7DF2E}.Debug|x64.Build.0 = Debug|x64
		{482A12BA-FC1C-4F1A-97ED-641121D7DF2E}.Debug|x86.ActiveCfg = Debug|Win32
		{482A12BA-FC1C-4F1A-97ED-641121D7DF2E}.Debug|x86.Build.0 = Debug|Win32
		{482A12BA-FC1C-4F1A-97ED-641121D7DF2E}.Release|x64.ActiveCfg = Release|x64
		{482A12BA-FC1C-4F1A-97ED-641121D7DF2E}.Release|x64.Build.0 = Release|x64
		{482A12BA-FC1C-4F1A-97ED-641121D7DF2E}.Release|x86.ActiveCfg = Release|Win32
		{482A12BA-FC1C-4F1A-97ED-641121D7DF2E}.Release|x86.Build.0 = Release|Win32
		{B2B1381C-E75C-4370-B8C4-E11F2BD7FD27}.Debug|x64.ActiveCfg = Debug|x64
		{B2B1381C-E75C-4370-B8C4-E11F2BD7FD27}.Debug|x64.Build.0 = Debug|x64
		{B2B1381C-E75C-4370-B8C4-E11F2BD7FD27}.Debug|x86.ActiveCfg = Debug|Win32
		{B2B1381C-E75C-4370-B8C4-E11F2BD7FD27}.Debug|x86.Build.0 = Debug|Win32
		{B2B1381C-E75C-4370-B8C4-E11F2BD7FD27}.Release|x64.ActiveCfg = Release|x64
		{B2B1381C-E75C-4370-B8C4-E11F2BD7FD27}.Release|x64.Build.0 = Release|x64
		{B2B1381C-E75C-4370-B8C4-E11F2BD7FD27}.Release|x86.ActiveCfg = Release|Win32
		{B2B1381C-E75C-4370-B8C4-E11F2BD7FD27}.Release|x86.Build.0 = Release|Win32
		{28C42B7B-564B-4F4C-97CA-888B0AE43D78}.Debug|x64.ActiveCfg = Debug|x64
		{28C42B7B-564B-4F4C-97CA-888B0AE43D78}.Debug|x64.Build.0 = Debug|x64
		{28C42B7B-564B-4F4C-97CA-888B0AE43D78}.Debug|x86.ActiveCfg = Debug|Win32
		{28C42B7B-564B-4F4C-97CA-888B0AE43D78}.Debug|x86.Build.0 = Debug|Win32
		{28C42B7B-564B-4F4C-97CA-888B0AE43D78}.Release|x64.ActiveCfg = Release|x64
		{28C42B7B-564B-4F4C-97CA-888B0AE43D78}.Release|x64.Build.0 = Release|x64
		{28C42B7B-564B-4F4C-97CA-888B0AE43D78}.Release|x86.ActiveCfg = Release|Win32
		{28C42B7B-564B-4F4C-97CA-888B0AE43D78}.Release|x86.Build.0 = Release|Win32
		{96DA1BBC-73AE-4751-AA2C-DC38A8E11589}.Debug|x64.ActiveCfg = Debug|x64
		{96DA1BBC-73AE-4751-AA2C-DC38A8E11589}.Debug|x64.Build.0 = Debug|x64
		{96DA1BBC-73AE-4751-AA2C-DC38A8E11589}.Debug|x86.ActiveCfg = Debug|Win32
		{96DA1BBC-73AE-4751-AA2C-DC38A8E11589}.Debug|x86.Build.0 = Debug|Win32
		{96DA1BBC-73AE-4751-AA2C-DC38A8E11589}.Release|x64.ActiveCfg = Release|x64
		{96DA1BBC-73AE-4751-AA2C-DC38A8E11589}.Release|x64.Build.0 = Release|x64
		{96DA1BBC-73AE-4751-AA2C-DC38A8E11589}.Release|x86.ActiveCfg = Release|Win32
		{96DA1BBC-73AE-4751-AA2C-DC38A8E11589}.Release|x86.Build.0 = Release|Win32
		{9FE3A831-0AA2-418F-9058-2215CAEA1ED7}.Debug|x64.ActiveCfg = Debug|x64
		{9FE3A831-0AA2-418F-9058-2215CAEA1ED7}.Debug|x64.Build.0 = Debug|x64
		{9FE3A831-0AA2-418F-9058-2215CAEA1ED7}.Debug|x86.ActiveCfg = Debug|Win32
		{9FE3A831-0AA2-418F-9058-2215CAEA1ED7}.Debug|x86.Build.0 = Debug|Win32
		{9FE3A831-0AA2-418F-9058-2215CAEA1ED7}.Release|x64.ActiveCfg = Release|x64
		{9FE3A831-0AA2-418F-9058-2215CAEA1ED7}.Release|x64.Build.0 = Release|x64
		{9FE3A831-0AA2-418F-9058-2215CAEA1ED7}.Release|x86.ActiveCfg = Release|Win32
		{9FE3A831-0AA2-418F-9058-2215CAEA1ED7}.Release|x86.Build.0 = Release|Win32
		{90003B31-4FE7-4A0F-A627-F488A36F4726}.Debug|x64.ActiveCfg = Debug|x64
		{90003B31-4FE7-4A0F-A627-F488A36F4726}.Debug|x64.Build.0 = Debug|x64
		{90003B31-4FE7-4A0F-A627-F488A36F4726}.Debug|x86.ActiveCfg = Debug|Win32
		{90003B31-4FE7-4A0F-A627-F488A36F4726}.Debug|x86.Build.0 = Debug|Win32
		{90003B31-4FE7-4A0F-A627-F488A36F4726}.Release|x64.ActiveCfg = Release|x64
		{90003B31-4FE7-4A0F-A627-F488A36F4726}.Release|x64.Build.0 = Release|x64
		{90003B31-4FE7-4A0F-A627-F488A36F4726}.Release|x86.ActiveCfg = Release|Win32
		{90003B31-4FE7-4A0F-A627-F488A36F4726}.Release|x86.Build.0 = Release|Win32
		{06D45405-BC00-48F0-9C78-875619886D8E}.Debug|x64.ActiveCfg = Debug|x64
		{06D45405-BC00-48F0-9C78-875619886D8E}.Debug|x64.Build.0 = Debug|x64
		{06D45405-BC00-48F0-9C78-875619886D8E}.Debug|x86.ActiveCfg = Debug|Win32
		{06D45405-BC00-48F0-9C78-875619886D8E}.Debug|x86.Build.0 = Debug|Win32
		{06D45405-BC00-48F0-9C78-875619886D8E}.Release|x64.ActiveCfg = Release|x64
		{06D45405-BC00-48F0-9C78-875619886D8E}.Release|x64.Build.0 = Release|x64
		{06D45405-BC00-48F0-9C78-875619886D8E}.Release|x86.ActiveCfg = Release|Win32
		{06D45405-BC00-48F0-9C78-875619886D8E}.Release|x86.Build.0 = Release|Win32
	EndGlobalSection
	GlobalSection(SolutionProperties) = preSolution
		HideSolutionNode = FALSE
	EndGlobalSection
	GlobalSection(NestedProjects) = preSolution
		{49941E20-7EB9-4935-BDA6-4582D78E42A5} = {588AB050-60FA-4E60-AEF9-8950D4B9F4D6}
		{86016D75-A4EC-4AB9-ACA2-7B64DEC6086F} = {588AB050-60FA-4E60-AEF9-8950D4B9F4D6}
		{482A12BA-FC1C-4F1A-97ED-641121D7DF2E} = {588AB050-60FA-4E60-AEF9-8950D4B9F4D6}
		{B2B1381C-E75C-4370-B8C4-E11F2BD7FD27} = {588AB050-60FA-4E60-AEF9-8950D4B9F4D6}
		{28C42B7B-564B-4F4C-97CA-888B0AE43D78} = {588AB050-60FA-4E60-AEF9-8950D4B9F4D6}
		{96DA1BBC-73AE-4751-AA2C-DC38A8E11589} = {588AB050-60FA-4E60-AEF9-8950D4B9F4D6}
		{9FE3A831-0AA2-418F-9058-2215CAEA1ED7} = {588AB050-60FA-4E60-AEF9-8950D4B9F4D6}
		{90003B31-4FE7-4A0F-A627-F488A36F4726} = {588AB050-60FA-4E60-AEF9-8950D4B9F4D6}
		{06D45405-BC00-48F0-9C78-875619886D8E} = {588AB050-60FA-4E60-AEF9-8950D4B9F4D6}
	EndGlobalSection
	GlobalSection(ExtensibilityGlobals) = postSolution
		SolutionGuid = {B978CE64-9EE5-4CD9-A2B7-257664E12935}
	EndGlobalSection
EndGlobal
