
Microsoft Visual Studio Solution File, Format Version 12.00
# Visual Studio Version 17
VisualStudioVersion = 17.1.32319.34
MinimumVisualStudioVersion = 10.0.40219.1
Project("{8BC9CEB8-8B4A-11D0-8D11-00A0C91BC942}") = "Ch09_01", "Ch09_01\Ch09_01.vcxproj", "{69FDAA0A-44BE-4016-B132-95D45E04D423}"
EndProject
Project("{8BC9CEB8-8B4A-11D0-8D11-00A0C91BC942}") = "Ch09_02", "Ch09_02\Ch09_02.vcxproj", "{D39C7F47-7F27-48BE-AC8F-1417601D1278}"
EndProject
Project("{8BC9CEB8-8B4A-11D0-8D11-00A0C91BC942}") = "Ch09_03", "Chapter08_03\Chapter08_03.vcxproj", "{845965FE-CB88-4F6B-8218-CA5FD9FFDE1D}"
EndProject
Project("{8BC9CEB8-8B4A-11D0-8D11-00A0C91BC942}") = "Ch09_04", "Chapter09_04\Chapter09_04.vcxproj", "{92ACD5EA-32CD-478E-99C1-28A18713B8AF}"
EndProject
Project("{8BC9CEB8-8B4A-11D0-8D11-00A0C91BC942}") = "Ch09_05", "Ch09_05\Ch09_05.vcxproj", "{7B4D6F1C-8E4A-4059-945C-FC14A9A9B624}"
EndProject
Project("{8BC9CEB8-8B4A-11D0-8D11-00A0C91BC942}") = "Ch09_06", "Ch09_06\Ch09_06.vcxproj", "{55958888-10FA-4F90-89BA-37F8135BFA4E}"
EndProject
Project("{8BC9CEB8-8B4A-11D0-8D11-00A0C91BC942}") = "Ch09_07", "Ch09_07\Ch09_07.vcxproj", "{0C522682-318B-42BD-9804-F414B2845F19}"
EndProject
Project("{8BC9CEB8-8B4A-11D0-8D11-00A0C91BC942}") = "Ch09_08", "Ch09_08\Ch09_08.vcxproj", "{50E23651-B536-4428-A344-444D84AA55B6}"
EndProject
Project("{8BC9CEB8-8B4A-11D0-8D11-00A0C91BC942}") = "Ch09_09", "Ch09_09\Ch09_09.vcxproj", "{446242CF-B876-477D-8955-E14645BCDD9C}"
EndProject
Project("{8BC9CEB8-8B4A-11D0-8D11-00A0C91BC942}") = "Ch09_10", "Ch09_10\Ch09_10.vcxproj", "{FE653CFD-AB8E-442E-82FB-19A8BEA5C1F4}"
EndProject
Project("{8BC9CEB8-8B4A-11D0-8D11-00A0C91BC942}") = "Ch09_11", "Ch09_11\Ch09_11.vcxproj", "{D42A2FB9-A095-4782-BD37-5BFDDC4BED79}"
EndProject
Project("{8BC9CEB8-8B4A-11D0-8D11-00A0C91BC942}") = "Ch09_12", "Ch09_12\Ch09_12.vcxproj", "{8061F90D-0E7C-4ADD-A257-B271E3BEFC86}"
EndProject
Global
	GlobalSection(SolutionConfigurationPlatforms) = preSolution
		Debug|x64 = Debug|x64
		Debug|x86 = Debug|x86
		Release|x64 = Release|x64
		Release|x86 = Release|x86
	EndGlobalSection
	GlobalSection(ProjectConfigurationPlatforms) = postSolution
		{69FDAA0A-44BE-4016-B132-95D45E04D423}.Debug|x64.ActiveCfg = Debug|x64
		{69FDAA0A-44BE-4016-B132-95D45E04D423}.Debug|x64.Build.0 = Debug|x64
		{69FDAA0A-44BE-4016-B132-95D45E04D423}.Debug|x86.ActiveCfg = Debug|Win32
		{69FDAA0A-44BE-4016-B132-95D45E04D423}.Debug|x86.Build.0 = Debug|Win32
		{69FDAA0A-44BE-4016-B132-95D45E04D423}.Release|x64.ActiveCfg = Release|x64
		{69FDAA0A-44BE-4016-B132-95D45E04D423}.Release|x64.Build.0 = Release|x64
		{69FDAA0A-44BE-4016-B132-95D45E04D423}.Release|x86.ActiveCfg = Release|Win32
		{69FDAA0A-44BE-4016-B132-95D45E04D423}.Release|x86.Build.0 = Release|Win32
		{D39C7F47-7F27-48BE-AC8F-1417601D1278}.Debug|x64.ActiveCfg = Debug|x64
		{D39C7F47-7F27-48BE-AC8F-1417601D1278}.Debug|x64.Build.0 = Debug|x64
		{D39C7F47-7F27-48BE-AC8F-1417601D1278}.Debug|x86.ActiveCfg = Debug|Win32
		{D39C7F47-7F27-48BE-AC8F-1417601D1278}.Debug|x86.Build.0 = Debug|Win32
		{D39C7F47-7F27-48BE-AC8F-1417601D1278}.Release|x64.ActiveCfg = Release|x64
		{D39C7F47-7F27-48BE-AC8F-1417601D1278}.Release|x64.Build.0 = Release|x64
		{D39C7F47-7F27-48BE-AC8F-1417601D1278}.Release|x86.ActiveCfg = Release|Win32
		{D39C7F47-7F27-48BE-AC8F-1417601D1278}.Release|x86.Build.0 = Release|Win32
		{845965FE-CB88-4F6B-8218-CA5FD9FFDE1D}.Debug|x64.ActiveCfg = Debug|x64
		{845965FE-CB88-4F6B-8218-CA5FD9FFDE1D}.Debug|x64.Build.0 = Debug|x64
		{845965FE-CB88-4F6B-8218-CA5FD9FFDE1D}.Debug|x86.ActiveCfg = Debug|Win32
		{845965FE-CB88-4F6B-8218-CA5FD9FFDE1D}.Debug|x86.Build.0 = Debug|Win32
		{845965FE-CB88-4F6B-8218-CA5FD9FFDE1D}.Release|x64.ActiveCfg = Release|x64
		{845965FE-CB88-4F6B-8218-CA5FD9FFDE1D}.Release|x64.Build.0 = Release|x64
		{845965FE-CB88-4F6B-8218-CA5FD9FFDE1D}.Release|x86.ActiveCfg = Release|Win32
		{845965FE-CB88-4F6B-8218-CA5FD9FFDE1D}.Release|x86.Build.0 = Release|Win32
		{92ACD5EA-32CD-478E-99C1-28A18713B8AF}.Debug|x64.ActiveCfg = Debug|x64
		{92ACD5EA-32CD-478E-99C1-28A18713B8AF}.Debug|x64.Build.0 = Debug|x64
		{92ACD5EA-32CD-478E-99C1-28A18713B8AF}.Debug|x86.ActiveCfg = Debug|Win32
		{92ACD5EA-32CD-478E-99C1-28A18713B8AF}.Debug|x86.Build.0 = Debug|Win32
		{92ACD5EA-32CD-478E-99C1-28A18713B8AF}.Release|x64.ActiveCfg = Release|x64
		{92ACD5EA-32CD-478E-99C1-28A18713B8AF}.Release|x64.Build.0 = Release|x64
		{92ACD5EA-32CD-478E-99C1-28A18713B8AF}.Release|x86.ActiveCfg = Release|Win32
		{92ACD5EA-32CD-478E-99C1-28A18713B8AF}.Release|x86.Build.0 = Release|Win32
		{7B4D6F1C-8E4A-4059-945C-FC14A9A9B624}.Debug|x64.ActiveCfg = Debug|x64
		{7B4D6F1C-8E4A-4059-945C-FC14A9A9B624}.Debug|x64.Build.0 = Debug|x64
		{7B4D6F1C-8E4A-4059-945C-FC14A9A9B624}.Debug|x86.ActiveCfg = Debug|Win32
		{7B4D6F1C-8E4A-4059-945C-FC14A9A9B624}.Debug|x86.Build.0 = Debug|Win32
		{7B4D6F1C-8E4A-4059-945C-FC14A9A9B624}.Release|x64.ActiveCfg = Release|x64
		{7B4D6F1C-8E4A-4059-945C-FC14A9A9B624}.Release|x64.Build.0 = Release|x64
		{7B4D6F1C-8E4A-4059-945C-FC14A9A9B624}.Release|x86.ActiveCfg = Release|Win32
		{7B4D6F1C-8E4A-4059-945C-FC14A9A9B624}.Release|x86.Build.0 = Release|Win32
		{55958888-10FA-4F90-89BA-37F8135BFA4E}.Debug|x64.ActiveCfg = Debug|x64
		{55958888-10FA-4F90-89BA-37F8135BFA4E}.Debug|x64.Build.0 = Debug|x64
		{55958888-10FA-4F90-89BA-37F8135BFA4E}.Debug|x86.ActiveCfg = Debug|Win32
		{55958888-10FA-4F90-89BA-37F8135BFA4E}.Debug|x86.Build.0 = Debug|Win32
		{55958888-10FA-4F90-89BA-37F8135BFA4E}.Release|x64.ActiveCfg = Release|x64
		{55958888-10FA-4F90-89BA-37F8135BFA4E}.Release|x64.Build.0 = Release|x64
		{55958888-10FA-4F90-89BA-37F8135BFA4E}.Release|x86.ActiveCfg = Release|Win32
		{55958888-10FA-4F90-89BA-37F8135BFA4E}.Release|x86.Build.0 = Release|Win32
		{0C522682-318B-42BD-9804-F414B2845F19}.Debug|x64.ActiveCfg = Debug|x64
		{0C522682-318B-42BD-9804-F414B2845F19}.Debug|x64.Build.0 = Debug|x64
		{0C522682-318B-42BD-9804-F414B2845F19}.Debug|x86.ActiveCfg = Debug|Win32
		{0C522682-318B-42BD-9804-F414B2845F19}.Debug|x86.Build.0 = Debug|Win32
		{0C522682-318B-42BD-9804-F414B2845F19}.Release|x64.ActiveCfg = Release|x64
		{0C522682-318B-42BD-9804-F414B2845F19}.Release|x64.Build.0 = Release|x64
		{0C522682-318B-42BD-9804-F414B2845F19}.Release|x86.ActiveCfg = Release|Win32
		{0C522682-318B-42BD-9804-F414B2845F19}.Release|x86.Build.0 = Release|Win32
		{50E23651-B536-4428-A344-444D84AA55B6}.Debug|x64.ActiveCfg = Debug|x64
		{50E23651-B536-4428-A344-444D84AA55B6}.Debug|x64.Build.0 = Debug|x64
		{50E23651-B536-4428-A344-444D84AA55B6}.Debug|x86.ActiveCfg = Debug|Win32
		{50E23651-B536-4428-A344-444D84AA55B6}.Debug|x86.Build.0 = Debug|Win32
		{50E23651-B536-4428-A344-444D84AA55B6}.Release|x64.ActiveCfg = Release|x64
		{50E23651-B536-4428-A344-444D84AA55B6}.Release|x64.Build.0 = Release|x64
		{50E23651-B536-4428-A344-444D84AA55B6}.Release|x86.ActiveCfg = Release|Win32
		{50E23651-B536-4428-A344-444D84AA55B6}.Release|x86.Build.0 = Release|Win32
		{446242CF-B876-477D-8955-E14645BCDD9C}.Debug|x64.ActiveCfg = Debug|x64
		{446242CF-B876-477D-8955-E14645BCDD9C}.Debug|x64.Build.0 = Debug|x64
		{446242CF-B876-477D-8955-E14645BCDD9C}.Debug|x86.ActiveCfg = Debug|Win32
		{446242CF-B876-477D-8955-E14645BCDD9C}.Debug|x86.Build.0 = Debug|Win32
		{446242CF-B876-477D-8955-E14645BCDD9C}.Release|x64.ActiveCfg = Release|x64
		{446242CF-B876-477D-8955-E14645BCDD9C}.Release|x64.Build.0 = Release|x64
		{446242CF-B876-477D-8955-E14645BCDD9C}.Release|x86.ActiveCfg = Release|Win32
		{446242CF-B876-477D-8955-E14645BCDD9C}.Release|x86.Build.0 = Release|Win32
		{FE653CFD-AB8E-442E-82FB-19A8BEA5C1F4}.Debug|x64.ActiveCfg = Debug|x64
		{FE653CFD-AB8E-442E-82FB-19A8BEA5C1F4}.Debug|x64.Build.0 = Debug|x64
		{FE653CFD-AB8E-442E-82FB-19A8BEA5C1F4}.Debug|x86.ActiveCfg = Debug|Win32
		{FE653CFD-AB8E-442E-82FB-19A8BEA5C1F4}.Debug|x86.Build.0 = Debug|Win32
		{FE653CFD-AB8E-442E-82FB-19A8BEA5C1F4}.Release|x64.ActiveCfg = Release|x64
		{FE653CFD-AB8E-442E-82FB-19A8BEA5C1F4}.Release|x64.Build.0 = Release|x64
		{FE653CFD-AB8E-442E-82FB-19A8BEA5C1F4}.Release|x86.ActiveCfg = Release|Win32
		{FE653CFD-AB8E-442E-82FB-19A8BEA5C1F4}.Release|x86.Build.0 = Release|Win32
		{D42A2FB9-A095-4782-BD37-5BFDDC4BED79}.Debug|x64.ActiveCfg = Debug|x64
		{D42A2FB9-A095-4782-BD37-5BFDDC4BED79}.Debug|x64.Build.0 = Debug|x64
		{D42A2FB9-A095-4782-BD37-5BFDDC4BED79}.Debug|x86.ActiveCfg = Debug|Win32
		{D42A2FB9-A095-4782-BD37-5BFDDC4BED79}.Debug|x86.Build.0 = Debug|Win32
		{D42A2FB9-A095-4782-BD37-5BFDDC4BED79}.Release|x64.ActiveCfg = Release|x64
		{D42A2FB9-A095-4782-BD37-5BFDDC4BED79}.Release|x64.Build.0 = Release|x64
		{D42A2FB9-A095-4782-BD37-5BFDDC4BED79}.Release|x86.ActiveCfg = Release|Win32
		{D42A2FB9-A095-4782-BD37-5BFDDC4BED79}.Release|x86.Build.0 = Release|Win32
		{8061F90D-0E7C-4ADD-A257-B271E3BEFC86}.Debug|x64.ActiveCfg = Debug|x64
		{8061F90D-0E7C-4ADD-A257-B271E3BEFC86}.Debug|x64.Build.0 = Debug|x64
		{8061F90D-0E7C-4ADD-A257-B271E3BEFC86}.Debug|x86.ActiveCfg = Debug|Win32
		{8061F90D-0E7C-4ADD-A257-B271E3BEFC86}.Debug|x86.Build.0 = Debug|Win32
		{8061F90D-0E7C-4ADD-A257-B271E3BEFC86}.Release|x64.ActiveCfg = Release|x64
		{8061F90D-0E7C-4ADD-A257-B271E3BEFC86}.Release|x64.Build.0 = Release|x64
		{8061F90D-0E7C-4ADD-A257-B271E3BEFC86}.Release|x86.ActiveCfg = Release|Win32
		{8061F90D-0E7C-4ADD-A257-B271E3BEFC86}.Release|x86.Build.0 = Release|Win32
	EndGlobalSection
	GlobalSection(SolutionProperties) = preSolution
		HideSolutionNode = FALSE
	EndGlobalSection
	GlobalSection(ExtensibilityGlobals) = postSolution
		SolutionGuid = {CAB9FE72-AB8A-4D2C-BA4B-5C5DDB679762}
	EndGlobalSection
EndGlobal
